# This file was autogenerated by uv via the following command:
#    uv pip compile requirements.in -o requirements.lock --python-version 3.11 --universal
accelerate==1.14.0
    # via mineru
aiofiles==24.1.0
    # via
    #   gradio
    #   mineru-vl-utils
albucore==0.0.24
    # via albumentations
albumentations==2.0.8
    # via doclayout-yolo
annotated-doc==0.0.4
    # via
    #   fastapi
    #   typer
annotated-types==0.7.0
    # via pydantic
antlr4-python3-runtime==4.9.3
    # via omegaconf
anyio==4.14.1
    # via
    #   gradio
    #   httpx
    #   openai
    #   starlette
audioop-lts==0.2.2 ; python_full_version >= '3.13'
    # via gradio
av==18.0.0
    # via qwen-vl-utils
beautifulsoup4==4.15.0
    # via mineru
boto3==1.43.40
    # via mineru
botocore==1.43.40
    # via
    #   boto3
    #   s3transfer
brotli==1.2.0
    # via gradio
certifi==2026.6.17
    # via
    #   httpcore
    #   httpx
    #   requests
cffi==2.0.0 ; platform_python_implementation != 'PyPy'
    # via cryptography
charset-normalizer==3.4.7
    # via
    #   pdfminer-six
    #   reportlab
    #   requests
click==8.4.2
    # via
    #   magika
    #   mineru
    #   pdftext
    #   uvicorn
colorama==0.4.6 ; sys_platform == 'win32'
    # via
    #   click
    #   colorlog
    #   loguru
    #   tqdm
    #   typer
colorlog==6.10.1
    # via robust-downloader
contourpy==1.3.3
    # via matplotlib
cryptography==49.0.0
    # via pdfminer-six
cuda-bindings==13.3.1 ; sys_platform == 'linux'
    # via torch
cuda-pathfinder==1.5.6 ; sys_platform == 'linux'
    # via cuda-bindings
cuda-toolkit==13.0.2 ; sys_platform == 'linux'
    # via torch
cycler==0.12.1
    # via matplotlib
dill==0.4.1
    # via mineru
distro==1.9.0
    # via openai
doclayout-yolo==0.0.4
    # via mineru
fast-langdetect==0.2.5
    # via mineru
fastapi==0.139.0
    # via
    #   gradio
    #   mineru
fasttext-predict==0.9.2.4
    # via fast-langdetect
ffmpy==1.0.0
    # via gradio
filelock==3.29.5
    # via
    #   huggingface-hub
    #   modelscope
    #   modelscope-hub
    #   torch
    #   transformers
flatbuffers==25.12.19
    # via onnxruntime
fonttools==4.63.0
    # via matplotlib
fsspec==2026.6.0
    # via
    #   gradio-client
    #   huggingface-hub
    #   torch
ftfy==6.3.1
    # via mineru
gradio==5.49.1
    # via
    #   gradio-pdf
    #   mineru
gradio-client==1.13.3
    # via gradio
gradio-pdf==0.0.22
    # via mineru
groovy==0.1.2
    # via gradio
h11==0.16.0
    # via
    #   httpcore
    #   uvicorn
hf-xet==1.5.1 ; platform_machine == 'aarch64' or platform_machine == 'amd64' or platform_machine == 'arm64' or platform_machine == 'x86_64'
    # via huggingface-hub
httpcore==1.0.9
    # via httpx
httpx==0.28.1
    # via
    #   gradio
    #   gradio-client
    #   httpx-retries
    #   mineru
    #   mineru-vl-utils
    #   openai
    #   safehttpx
httpx-retries==0.5.0
    # via mineru-vl-utils
huggingface-hub==0.36.2
    # via
    #   accelerate
    #   gradio
    #   gradio-client
    #   mineru
    #   tokenizers
    #   transformers
idna==3.18
    # via
    #   anyio
    #   httpx
    #   requests
imageio==2.37.3
    # via scikit-image
jinja2==3.1.6
    # via
    #   gradio
    #   torch
jiter==0.16.0
    # via openai
jmespath==1.1.0
    # via
    #   boto3
    #   botocore
json-repair==0.61.1
    # via mineru
kiwisolver==1.5.0
    # via matplotlib
lazy-loader==0.5
    # via scikit-image
loguru==0.7.3
    # via
    #   mineru
    #   mineru-vl-utils
magika==1.0.3
    # via mineru
markdown-it-py==4.2.0
    # via rich
markupsafe==3.0.3
    # via
    #   gradio
    #   jinja2
matplotlib==3.11.0
    # via
    #   doclayout-yolo
    #   mineru
    #   seaborn
    #   ultralytics
mdurl==0.1.2
    # via markdown-it-py
mineru==2.7.6
    # via -r requirements.in
mineru-vl-utils==0.2.8
    # via mineru
modelscope==1.38.0
    # via mineru
modelscope-hub==0.1.6
    # via modelscope
mpmath==1.3.0
    # via sympy
networkx==3.6.1
    # via
    #   scikit-image
    #   torch
numpy==2.4.6
    # via
    #   accelerate
    #   albucore
    #   albumentations
    #   contourpy
    #   gradio
    #   imageio
    #   matplotlib
    #   mineru
    #   onnxruntime
    #   opencv-python
    #   opencv-python-headless
    #   pandas
    #   pdftext
    #   scikit-image
    #   scipy
    #   seaborn
    #   shapely
    #   tifffile
    #   torchvision
    #   transformers
    #   ultralytics
    #   ultralytics-thop
nvidia-cublas==13.1.1.3 ; sys_platform == 'linux'
    # via
    #   nvidia-cudnn-cu13
    #   nvidia-cusolver
    #   torch
nvidia-cuda-cupti==13.0.85 ; sys_platform == 'linux'
    # via cuda-toolkit
nvidia-cuda-nvrtc==13.0.88 ; sys_platform == 'linux'
    # via
    #   cuda-toolkit
    #   nvidia-cublas
nvidia-cuda-runtime==13.0.96 ; sys_platform == 'linux'
    # via cuda-toolkit
nvidia-cudnn-cu13==9.20.0.48 ; sys_platform == 'linux'
    # via torch
nvidia-cufft==12.0.0.61 ; sys_platform == 'linux'
    # via cuda-toolkit
nvidia-cufile==1.15.1.6 ; sys_platform == 'linux'
    # via cuda-toolkit
nvidia-curand==10.4.0.35 ; sys_platform == 'linux'
    # via cuda-toolkit
nvidia-cusolver==12.0.4.66 ; sys_platform == 'linux'
    # via cuda-toolkit
nvidia-cusparse==12.6.3.3 ; sys_platform == 'linux'
    # via
    #   cuda-toolkit
    #   nvidia-cusolver
nvidia-cusparselt-cu13==0.8.1 ; sys_platform == 'linux'
    # via torch
nvidia-ml-py==13.610.43
    # via ultralytics
nvidia-nccl-cu13==2.29.7 ; sys_platform == 'linux'
    # via torch
nvidia-nvjitlink==13.0.88 ; sys_platform == 'linux'
    # via
    #   cuda-toolkit
    #   nvidia-cufft
    #   nvidia-cusolver
    #   nvidia-cusparse
nvidia-nvshmem-cu13==3.4.5 ; sys_platform == 'linux'
    # via torch
nvidia-nvtx==13.0.85 ; sys_platform == 'linux'
    # via cuda-toolkit
omegaconf==2.3.1
    # via mineru
onnxruntime==1.27.0
    # via
    #   magika
    #   mineru
openai==2.44.0
    # via mineru
opencv-python==5.0.0.93
    # via
    #   doclayout-yolo
    #   mineru
    #   ultralytics
opencv-python-headless==5.0.0.93
    # via
    #   albucore
    #   albumentations
orjson==3.11.9
    # via gradio
packaging==26.2
    # via
    #   accelerate
    #   gradio
    #   gradio-client
    #   huggingface-hub
    #   lazy-loader
    #   matplotlib
    #   modelscope
    #   onnxruntime
    #   qwen-vl-utils
    #   scikit-image
    #   transformers
pandas==2.3.3
    # via
    #   doclayout-yolo
    #   gradio
    #   seaborn
pdfminer-six==20260107
    # via mineru
pdftext==0.7.0
    # via mineru
pillow==11.3.0
    # via
    #   doclayout-yolo
    #   gradio
    #   imageio
    #   matplotlib
    #   mineru
    #   mineru-vl-utils
    #   qwen-vl-utils
    #   reportlab
    #   scikit-image
    #   torchvision
    #   ultralytics
polars==1.42.1
    # via ultralytics
polars-runtime-32==1.42.1
    # via polars
protobuf==7.35.1
    # via onnxruntime
psutil==7.2.2
    # via
    #   accelerate
    #   doclayout-yolo
    #   ultralytics
py-cpuinfo==9.0.0
    # via doclayout-yolo
pyclipper==1.4.0
    # via mineru
pycparser==3.0 ; implementation_name != 'PyPy' and platform_python_implementation != 'PyPy'
    # via cffi
pydantic==2.11.10
    # via
    #   albumentations
    #   fastapi
    #   gradio
    #   mineru-vl-utils
    #   openai
    #   pdftext
    #   pydantic-settings
pydantic-core==2.33.2
    # via pydantic
pydantic-settings==2.14.2
    # via pdftext
pydub==0.25.1
    # via gradio
pygments==2.20.0
    # via rich
pyparsing==3.3.2
    # via matplotlib
pypdf==6.14.2
    # via mineru
pypdfium2==5.9.0
    # via
    #   mineru
    #   pdftext
python-dateutil==2.9.0.post0
    # via
    #   botocore
    #   matplotlib
    #   pandas
python-dotenv==1.2.2
    # via pydantic-settings
python-multipart==0.0.32
    # via
    #   gradio
    #   mineru
pytz==2026.2
    # via pandas
pyyaml==6.0.3
    # via
    #   accelerate
    #   albumentations
    #   doclayout-yolo
    #   gradio
    #   huggingface-hub
    #   mineru
    #   omegaconf
    #   transformers
    #   ultralytics
qwen-vl-utils==0.0.14
    # via mineru
regex==2026.6.28
    # via transformers
reportlab==5.0.0
    # via mineru
requests==2.34.2
    # via
    #   doclayout-yolo
    #   fast-langdetect
    #   huggingface-hub
    #   mineru
    #   modelscope
    #   modelscope-hub
    #   qwen-vl-utils
    #   robust-downloader
    #   transformers
    #   ultralytics
rich==15.0.0
    # via typer
robust-downloader==0.0.2
    # via fast-langdetect
ruff==0.15.20
    # via gradio
s3transfer==0.19.0
    # via boto3
safehttpx==0.1.7
    # via gradio
safetensors==0.8.0
    # via
    #   accelerate
    #   transformers
scikit-image==0.26.0
    # via mineru
scipy==1.17.1
    # via
    #   albumentations
    #   doclayout-yolo
    #   scikit-image
seaborn==0.13.2
    # via doclayout-yolo
semantic-version==2.10.0
    # via gradio
setuptools==81.0.0
    # via
    #   modelscope
    #   torch
shapely==2.1.2
    # via mineru
shellingham==1.5.4
    # via typer
simsimd==6.5.16
    # via albucore
six==1.17.0
    # via python-dateutil
sniffio==1.3.1
    # via openai
soupsieve==2.8.4
    # via beautifulsoup4
starlette==0.52.1
    # via
    #   fastapi
    #   gradio
stringzilla==4.6.2
    # via albucore
sympy==1.14.0
    # via torch
thop==0.1.1.post2209072238
    # via doclayout-yolo
tifffile==2026.3.3
    # via scikit-image
tokenizers==0.22.2
    # via transformers
tomlkit==0.13.3
    # via gradio
torch==2.12.1
    # via
    #   accelerate
    #   doclayout-yolo
    #   mineru
    #   thop
    #   torchvision
    #   ultralytics
    #   ultralytics-thop
torchvision==0.27.1
    # via
    #   doclayout-yolo
    #   mineru
    #   ultralytics
tqdm==4.68.3
    # via
    #   doclayout-yolo
    #   huggingface-hub
    #   mineru
    #   modelscope
    #   modelscope-hub
    #   openai
    #   robust-downloader
    #   transformers
transformers==4.57.6
    # via mineru
triton==3.7.1 ; sys_platform == 'linux'
    # via torch
typer==0.26.8
    # via gradio
typing-extensions==4.16.0
    # via
    #   anyio
    #   beautifulsoup4
    #   fastapi
    #   gradio
    #   gradio-client
    #   huggingface-hub
    #   openai
    #   pydantic
    #   pydantic-core
    #   starlette
    #   torch
    #   typing-inspection
typing-inspection==0.4.2
    # via
    #   fastapi
    #   pydantic
    #   pydantic-settings
tzdata==2026.2
    # via pandas
ultralytics==8.4.86
    # via mineru
ultralytics-thop==2.0.20
    # via ultralytics
urllib3==2.7.0
    # via
    #   botocore
    #   modelscope
    #   modelscope-hub
    #   requests
uvicorn==0.49.0
    # via
    #   gradio
    #   mineru
wcwidth==0.8.2
    # via ftfy
websockets==15.0.1
    # via gradio-client
win32-setctime==1.2.0 ; sys_platform == 'win32'
    # via loguru
